// !$*UTF8*$!
{
	archiveVersion = 1;
	classes = {
	};
	objectVersion = 50;
	objects = {

/* Begin PBXBuildFile section */
		061DA3F82490001700629FFE /* AppDelegate.swift in Sources */ = {isa = PBXBuildFile; fileRef = 061DA3F72490001700629FFE /* AppDelegate.swift */; };
		061DA3FA2490001700629FFE /* SceneDelegate.swift in Sources */ = {isa = PBXBuildFile; fileRef = 061DA3F92490001700629FFE /* SceneDelegate.swift */; };
		061DA3FC2490001700629FFE /* ViewController.swift in Sources */ = {isa = PBXBuildFile; fileRef = 061DA3FB2490001700629FFE /* ViewController.swift */; };
		061DA3FF2490001700629FFE /* Main.storyboard in Resources */ = {isa = PBXBuildFile; fileRef = 061DA3FD2490001700629FFE /* Main.storyboard */; };
		061DA4022490001700629FFE /* Final_Project.xcdatamodeld in Sources */ = {isa = PBXBuildFile; fileRef = 061DA4002490001700629FFE /* Final_Project.xcdatamodeld */; };
		061DA4042490001A00629FFE /* Assets.xcassets in Resources */ = {isa = PBXBuildFile; fileRef = 061DA4032490001A00629FFE /* Assets.xcassets */; };
		061DA4072490001A00629FFE /* LaunchScreen.storyboard in Resources */ = {isa = PBXBuildFile; fileRef = 061DA4052490001A00629FFE /* LaunchScreen.storyboard */; };
		061DA4122490001A00629FFE /* Final_ProjectTests.swift in Sources */ = {isa = PBXBuildFile; fileRef = 061DA4112490001A00629FFE /* Final_ProjectTests.swift */; };
		061DA41D2490001A00629FFE /* Final_ProjectUITests.swift in Sources */ = {isa = PBXBuildFile; fileRef = 061DA41C2490001A00629FFE /* Final_ProjectUITests.swift */; };
/* End PBXBuildFile section */

/* Begin PBXContainerItemProxy section */
		061DA40E2490001A00629FFE /* PBXContainerItemProxy */ = {
			isa = PBXContainerItemProxy;
			containerPortal = 061DA3EC2490001700629FFE /* Project object */;
			proxyType = 1;
			remoteGlobalIDString = 061DA3F32490001700629FFE;
			remoteInfo = "Final Project";
		};
		061DA4192490001A00629FFE /* PBXContainerItemProxy */ = {
			isa = PBXContainerItemProxy;
			containerPortal = 061DA3EC2490001700629FFE /* Project object */;
			proxyType = 1;
			remoteGlobalIDString = 061DA3F32490001700629FFE;
			remoteInfo = "Final Project";
		};
/* End PBXContainerItemProxy section */

/* Begin PBXFileReference section */
		061DA3F42490001700629FFE /* Final Project.app */ = {isa = PBXFileReference; explicitFileType = wrapper.application; includeInIndex = 0; path = "Final Project.app"; sourceTree = BUILT_PRODUCTS_DIR; };
		061DA3F72490001700629FFE /* AppDelegate.swift */ = {isa = PBXFileReference; lastKnownFileType = sourcecode.swift; path = AppDelegate.swift; sourceTree = "<group>"; };
		061DA3F92490001700629FFE /* SceneDelegate.swift */ = {isa = PBXFileReference; lastKnownFileType = sourcecode.swift; path = SceneDelegate.swift; sourceTree = "<group>"; };
		061DA3FB2490001700629FFE /* ViewController.swift */ = {isa = PBXFileReference; lastKnownFileType = sourcecode.swift; path = ViewController.swift; sourceTree = "<group>"; };
		061DA3FE2490001700629FFE /* Base */ = {isa = PBXFileReference; lastKnownFileType = file.storyboard; name = Base; path = Base.lproj/Main.storyboard; sourceTree = "<group>"; };
		061DA4012490001700629FFE /* Final_Project.xcdatamodel */ = {isa = PBXFileReference; lastKnownFileType = wrapper.xcdatamodel; path = Final_Project.xcdatamodel; sourceTree = "<group>"; };
		061DA4032490001A00629FFE /* Assets.xcassets */ = {isa = PBXFileReference; lastKnownFileType = folder.assetcatalog; path = Assets.xcassets; sourceTree = "<group>"; };
		061DA4062490001A00629FFE /* Base */ = {isa = PBXFileReference; lastKnownFileType = file.storyboard; name = Base; path = Base.lproj/LaunchScreen.storyboard; sourceTree = "<group>"; };
		061DA4082490001A00629FFE /* Info.plist */ = {isa = PBXFileReference; lastKnownFileType = text.plist.xml; path = Info.plist; sourceTree = "<group>"; };
		061DA40D2490001A00629FFE /* Final ProjectTests.xctest */ = {isa = PBXFileReference; explicitFileType = wrapper.cfbundle; includeInIndex = 0; path = "Final ProjectTests.xctest"; sourceTree = BUILT_PRODUCTS_DIR; };
		061DA4112490001A00629FFE /* Final_ProjectTests.swift */ = {isa = PBXFileReference; lastKnownFileType = sourcecode.swift; path = Final_ProjectTests.swift; sourceTree = "<group>"; };
		061DA4132490001A00629FFE /* Info.plist */ = {isa = PBXFileReference; lastKnownFileType = text.plist.xml; path = Info.plist; sourceTree = "<group>"; };
		061DA4182490001A00629FFE /* Final ProjectUITests.xctest */ = {isa = PBXFileReference; explicitFileType = wrapper.cfbundle; includeInIndex = 0; path = "Final ProjectUITests.xctest"; sourceTree = BUILT_PRODUCTS_DIR; };
		061DA41C2490001A00629FFE /* Final_ProjectUITests.swift */ = {isa = PBXFileReference; lastKnownFileType = sourcecode.swift; path = Final_ProjectUITests.swift; sourceTree = "<group>"; };
		061DA41E2490001A00629FFE /* Info.plist */ = {isa = PBXFileReference; lastKnownFileType = text.plist.xml; path = Info.plist; sourceTree = "<group>"; };
/* End PBXFileReference section */

/* Begin PBXFrameworksBuildPhase section */
		061DA3F12490001700629FFE /* Frameworks */ = {
			isa = PBXFrameworksBuildPhase;
			buildActionMask = 2147483647;
			files = (
			);
			runOnlyForDeploymentPostprocessing = 0;
		};
		061DA40A2490001A00629FFE /* Frameworks */ = {
			isa = PBXFrameworksBuildPhase;
			buildActionMask = 2147483647;
			files = (
			);
			runOnlyForDeploymentPostprocessing = 0;
		};
		061DA4152490001A00629FFE /* Frameworks */ = {
			isa = PBXFrameworksBuildPhase;
			buildActionMask = 2147483647;
			files = (
			);
			runOnlyForDeploymentPostprocessing = 0;
		};
/* End PBXFrameworksBuildPhase section */

/* Begin PBXGroup section */
		061DA3EB2490001700629FFE = {
			isa = PBXGroup;
			children = (
				061DA3F62490001700629FFE /* Final Project */,
				061DA4102490001A00629FFE /* Final ProjectTests */,
				061DA41B2490001A00629FFE /* Final ProjectUITests */,
				061DA3F52490001700629FFE /* Products */,
			);
			sourceTree = "<group>";
		};
		061DA3F52490001700629FFE /* Products */ = {
			isa = PBXGroup;
			children = (
				061DA3F42490001700629FFE /* Final Project.app */,
				061DA40D2490001A00629FFE /* Final ProjectTests.xctest */,
				061DA4182490001A00629FFE /* Final ProjectUITests.xctest */,
			);
			name = Products;
			sourceTree = "<group>";
		};
		061DA3F62490001700629FFE /* Final Project */ = {
			isa = PBXGroup;
			children = (
				061DA3F72490001700629FFE /* AppDelegate.swift */,
				061DA3F92490001700629FFE /* SceneDelegate.swift */,
				061DA3FB2490001700629FFE /* ViewController.swift */,
				061DA3FD2490001700629FFE /* Main.storyboard */,
				061DA4032490001A00629FFE /* Assets.xcassets */,
				061DA4052490001A00629FFE /* LaunchScreen.storyboard */,
				061DA4082490001A00629FFE /* Info.plist */,
				061DA4002490001700629FFE /* Final_Project.xcdatamodeld */,
			);
			path = "Final Project";
			sourceTree = "<group>";
		};
		061DA4102490001A00629FFE /* Final ProjectTests */ = {
			isa = PBXGroup;
			children = (
				061DA4112490001A00629FFE /* Final_ProjectTests.swift */,
				061DA4132490001A00629FFE /* Info.plist */,
			);
			path = "Final ProjectTests";
			sourceTree = "<group>";
		};
		061DA41B2490001A00629FFE /* Final ProjectUITests */ = {
			isa = PBXGroup;
			children = (
				061DA41C2490001A00629FFE /* Final_ProjectUITests.swift */,
				061DA41E2490001A00629FFE /* Info.plist */,
			);
			path = "Final ProjectUITests";
			sourceTree = "<group>";
		};
/* End PBXGroup section */

/* Begin PBXNativeTarget section */
		061DA3F32490001700629FFE /* Final Project */ = {
			isa = PBXNativeTarget;
			buildConfigurationList = 061DA4212490001A00629FFE /* Build configuration list for PBXNativeTarget "Final Project" */;
			buildPhases = (
				061DA3F02490001700629FFE /* Sources */,
				061DA3F12490001700629FFE /* Frameworks */,
				061DA3F22490001700629FFE /* Resources */,
			);
			buildRules = (
			);
			dependencies = (
			);
			name = "Final Project";
			productName = "Final Project";
			productReference = 061DA3F42490001700629FFE /* Final Project.app */;
			productType = "com.apple.product-type.application";
		};
		061DA40C2490001A00629FFE /* Final ProjectTests */ = {
			isa = PBXNativeTarget;
			buildConfigurationList = 061DA4242490001A00629FFE /* Build configuration list for PBXNativeTarget "Final ProjectTests" */;
			buildPhases = (
				061DA4092490001A00629FFE /* Sources */,
				061DA40A2490001A00629FFE /* Frameworks */,
				061DA40B2490001A00629FFE /* Resources */,
			);
			buildRules = (
			);
			dependencies = (
				061DA40F2490001A00629FFE /* PBXTargetDependency */,
			);
			name = "Final ProjectTests";
			productName = "Final ProjectTests";
			productReference = 061DA40D2490001A00629FFE /* Final ProjectTests.xctest */;
			productType = "com.apple.product-type.bundle.unit-test";
		};
		061DA4172490001A00629FFE /* Final ProjectUITests */ = {
			isa = PBXNativeTarget;
			buildConfigurationList = 061DA4272490001A00629FFE /* Build configuration list for PBXNativeTarget "Final ProjectUITests" */;
			buildPhases = (
				061DA4142490001A00629FFE /* Sources */,
				061DA4152490001A00629FFE /* Frameworks */,
				061DA4162490001A00629FFE /* Resources */,
			);
			buildRules = (
			);
			dependencies = (
				061DA41A2490001A00629FFE /* PBXTargetDependency */,
			);
			name = "Final ProjectUITests";
			productName = "Final ProjectUITests";
			productReference = 061DA4182490001A00629FFE /* Final ProjectUITests.xctest */;
			productType = "com.apple.product-type.bundle.ui-testing";
		};
/* End PBXNativeTarget section */

/* Begin PBXProject section */
		061DA3EC2490001700629FFE /* Project object */ = {
			isa = PBXProject;
			attributes = {
				LastSwiftUpdateCheck = 1150;
				LastUpgradeCheck = 1150;
				ORGANIZATIONNAME = "Katie Wang";
				TargetAttributes = {
					061DA3F32490001700629FFE = {
						CreatedOnToolsVersion = 11.5;
					};
					061DA40C2490001A00629FFE = {
						CreatedOnToolsVersion = 11.5;
						TestTargetID = 061DA3F32490001700629FFE;
					};
					061DA4172490001A00629FFE = {
						CreatedOnToolsVersion = 11.5;
						TestTargetID = 061DA3F32490001700629FFE;
					};
				};
			};
			buildConfigurationList = 061DA3EF2490001700629FFE /* Build configuration list for PBXProject "Final Project" */;
			compatibilityVersion = "Xcode 9.3";
			developmentRegion = en;
			hasScannedForEncodings = 0;
			knownRegions = (
				en,
				Base,
			);
			mainGroup = 061DA3EB2490001700629FFE;
			productRefGroup = 061DA3F52490001700629FFE /* Products */;
			projectDirPath = "";
			projectRoot = "";
			targets = (
				061DA3F32490001700629FFE /* Final Project */,
				061DA40C2490001A00629FFE /* Final ProjectTests */,
				061DA4172490001A00629FFE /* Final ProjectUITests */,
			);
		};
/* End PBXProject section */

/* Begin PBXResourcesBuildPhase section */
		061DA3F22490001700629FFE /* Resources */ = {
			isa = PBXResourcesBuildPhase;
			buildActionMask = 2147483647;
			files = (
				061DA4072490001A00629FFE /* LaunchScreen.storyboard in Resources */,
				061DA4042490001A00629FFE /* Assets.xcassets in Resources */,
				061DA3FF2490001700629FFE /* Main.storyboard in Resources */,
			);
			runOnlyForDeploymentPostprocessing = 0;
		};
		061DA40B2490001A00629FFE /* Resources */ = {
			isa = PBXResourcesBuildPhase;
			buildActionMask = 2147483647;
			files = (
			);
			runOnlyForDeploymentPostprocessing = 0;
		};
		061DA4162490001A00629FFE /* Resources */ = {
			isa = PBXResourcesBuildPhase;
			buildActionMask = 2147483647;
			files = (
			);
			runOnlyForDeploymentPostprocessing = 0;
		};
/* End PBXResourcesBuildPhase section */

/* Begin PBXSourcesBuildPhase section */
		061DA3F02490001700629FFE /* Sources */ = {
			isa = PBXSourcesBuildPhase;
			buildActionMask = 2147483647;
			files = (
				061DA3FC2490001700629FFE /* ViewController.swift in Sources */,
				061DA3F82490001700629FFE /* AppDelegate.swift in Sources */,
				061DA4022490001700629FFE /* Final_Project.xcdatamodeld in Sources */,
				061DA3FA2490001700629FFE /* SceneDelegate.swift in Sources */,
			);
			runOnlyForDeploymentPostprocessing = 0;
		};
		061DA4092490001A00629FFE /* Sources */ = {
			isa = PBXSourcesBuildPhase;
			buildActionMask = 2147483647;
			files = (
				061DA4122490001A00629FFE /* Final_ProjectTests.swift in Sources */,
			);
			runOnlyForDeploymentPostprocessing = 0;
		};
		061DA4142490001A00629FFE /* Sources */ = {
			isa = PBXSourcesBuildPhase;
			buildActionMask = 2147483647;
			files = (
				061DA41D2490001A00629FFE /* Final_ProjectUITests.swift in Sources */,
			);
			runOnlyForDeploymentPostprocessing = 0;
		};
/* End PBXSourcesBuildPhase section */

/* Begin PBXTargetDependency section */
		061DA40F2490001A00629FFE /* PBXTargetDependency */ = {
			isa = PBXTargetDependency;
			target = 061DA3F32490001700629FFE /* Final Project */;
			targetProxy = 061DA40E2490001A00629FFE /* PBXContainerItemProxy */;
		};
		061DA41A2490001A00629FFE /* PBXTargetDependency */ = {
			isa = PBXTargetDependency;
			target = 061DA3F32490001700629FFE /* Final Project */;
			targetProxy = 061DA4192490001A00629FFE /* PBXContainerItemProxy */;
		};
/* End PBXTargetDependency section */

/* Begin PBXVariantGroup section */
		061DA3FD2490001700629FFE /* Main.storyboard */ = {
			isa = PBXVariantGroup;
			children = (
				061DA3FE2490001700629FFE /* Base */,
			);
			name = Main.storyboard;
			sourceTree = "<group>";
		};
		061DA4052490001A00629FFE /* LaunchScreen.storyboard */ = {
			isa = PBXVariantGroup;
			children = (
				061DA4062490001A00629FFE /* Base */,
			);
			name = LaunchScreen.storyboard;
			sourceTree = "<group>";
		};
/* End PBXVariantGroup section */

/* Begin XCBuildConfiguration section */
		061DA41F2490001A00629FFE /* Debug */ = {
			isa = XCBuildConfiguration;
			buildSettings = {
				ALWAYS_SEARCH_USER_PATHS = NO;
				CLANG_ANALYZER_NONNULL = YES;
				CLANG_ANALYZER_NUMBER_OBJECT_CONVERSION = YES_AGGRESSIVE;
				CLANG_CXX_LANGUAGE_STANDARD = "gnu++14";
				CLANG_CXX_LIBRARY = "libc++";
				CLANG_ENABLE_MODULES = YES;
				CLANG_ENABLE_OBJC_ARC = YES;
				CLANG_ENABLE_OBJC_WEAK = YES;
				CLANG_WARN_BLOCK_CAPTURE_AUTORELEASING = YES;
				CLANG_WARN_BOOL_CONVERSION = YES;
				CLANG_WARN_COMMA = YES;
				CLANG_WARN_CONSTANT_CONVERSION = YES;
				CLANG_WARN_DEPRECATED_OBJC_IMPLEMENTATIONS = YES;
				CLANG_WARN_DIRECT_OBJC_ISA_USAGE = YES_ERROR;
				CLANG_WARN_DOCUMENTATION_COMMENTS = YES;
				CLANG_WARN_EMPTY_BODY = YES;
				CLANG_WARN_ENUM_CONVERSION = YES;
				CLANG_WARN_INFINITE_RECURSION = YES;
				CLANG_WARN_INT_CONVERSION = YES;
				CLANG_WARN_NON_LITERAL_NULL_CONVERSION = YES;
				CLANG_WARN_OBJC_IMPLICIT_RETAIN_SELF = YES;
				CLANG_WARN_OBJC_LITERAL_CONVERSION = YES;
				CLANG_WARN_OBJC_ROOT_CLASS = YES_ERROR;
				CLANG_WARN_RANGE_LOOP_ANALYSIS = YES;
				CLANG_WARN_STRICT_PROTOTYPES = YES;
				CLANG_WARN_SUSPICIOUS_MOVE = YES;
				CLANG_WARN_UNGUARDED_AVAILABILITY = YES_AGGRESSIVE;
				CLANG_WARN_UNREACHABLE_CODE = YES;
				CLANG_WARN__DUPLICATE_METHOD_MATCH = YES;
				COPY_PHASE_STRIP = NO;
				DEBUG_INFORMATION_FORMAT = dwarf;
				ENABLE_STRICT_OBJC_MSGSEND = YES;
				ENABLE_TESTABILITY = YES;
				GCC_C_LANGUAGE_STANDARD = gnu11;
				GCC_DYNAMIC_NO_PIC = NO;
				GCC_NO_COMMON_BLOCKS = YES;
				GCC_OPTIMIZATION_LEVEL = 0;
				GCC_PREPROCESSOR_DEFINITIONS = (
					"DEBUG=1",
					"$(inherited)",
				);
				GCC_WARN_64_TO_32_BIT_CONVERSION = YES;
				GCC_WARN_ABOUT_RETURN_TYPE = YES_ERROR;
				GCC_WARN_UNDECLARED_SELECTOR = YES;
				GCC_WARN_UNINITIALIZED_AUTOS = YES_AGGRESSIVE;
				GCC_WARN_UNUSED_FUNCTION = YES;
				GCC_WARN_UNUSED_VARIABLE = YES;
				IPHONEOS_DEPLOYMENT_TARGET = 13.5;
				MTL_ENABLE_DEBUG_INFO = INCLUDE_SOURCE;
				MTL_FAST_MATH = YES;
				ONLY_ACTIVE_ARCH = YES;
				SDKROOT = iphoneos;
				SWIFT_ACTIVE_COMPILATION_CONDITIONS = DEBUG;
				SWIFT_OPTIMIZATION_LEVEL = "-Onone";
			};
			name = Debug;
		};
		061DA4202490001A00629FFE /* Release */ = {
			isa = XCBuildConfiguration;
			buildSettings = {
				ALWAYS_SEARCH_USER_PATHS = NO;
				CLANG_ANALYZER_NONNULL = YES;
				CLANG_ANALYZER_NUMBER_OBJECT_CONVERSION = YES_AGGRESSIVE;
				CLANG_CXX_LANGUAGE_STANDARD = "gnu++14";
				CLANG_CXX_LIBRARY = "libc++";
				CLANG_ENABLE_MODULES = YES;
				CLANG_ENABLE_OBJC_ARC = YES;
				CLANG_ENABLE_OBJC_WEAK = YES;
				CLANG_WARN_BLOCK_CAPTURE_AUTORELEASING = YES;
				CLANG_WARN_BOOL_CONVERSION = YES;
				CLANG_WARN_COMMA = YES;
				CLANG_WARN_CONSTANT_CONVERSION = YES;
				CLANG_WARN_DEPRECATED_OBJC_IMPLEMENTATIONS = YES;
				CLANG_WARN_DIRECT_OBJC_ISA_USAGE = YES_ERROR;
				CLANG_WARN_DOCUMENTATION_COMMENTS = YES;
				CLANG_WARN_EMPTY_BODY = YES;
				CLANG_WARN_ENUM_CONVERSION = YES;
				CLANG_WARN_INFINITE_RECURSION = YES;
				CLANG_WARN_INT_CONVERSION = YES;
				CLANG_WARN_NON_LITERAL_NULL_CONVERSION = YES;
				CLANG_WARN_OBJC_IMPLICIT_RETAIN_SELF = YES;
				CLANG_WARN_OBJC_LITERAL_CONVERSION = YES;
				CLANG_WARN_OBJC_ROOT_CLASS = YES_ERROR;
				CLANG_WARN_RANGE_LOOP_ANALYSIS = YES;
				CLANG_WARN_STRICT_PROTOTYPES = YES;
				CLANG_WARN_SUSPICIOUS_MOVE = YES;
				CLANG_WARN_UNGUARDED_AVAILABILITY = YES_AGGRESSIVE;
				CLANG_WARN_UNREACHABLE_CODE = YES;
				CLANG_WARN__DUPLICATE_METHOD_MATCH = YES;
				COPY_PHASE_STRIP = NO;
				DEBUG_INFORMATION_FORMAT = "dwarf-with-dsym";
				ENABLE_NS_ASSERTIONS = NO;
				ENABLE_STRICT_OBJC_MSGSEND = YES;
				GCC_C_LANGUAGE_STANDARD = gnu11;
				GCC_NO_COMMON_BLOCKS = YES;
				GCC_WARN_64_TO_32_BIT_CONVERSION = YES;
				GCC_WARN_ABOUT_RETURN_TYPE = YES_ERROR;
				GCC_WARN_UNDECLARED_SELECTOR = YES;
				GCC_WARN_UNINITIALIZED_AUTOS = YES_AGGRESSIVE;
				GCC_WARN_UNUSED_FUNCTION = YES;
				GCC_WARN_UNUSED_VARIABLE = YES;
				IPHONEOS_DEPLOYMENT_TARGET = 13.5;
				MTL_ENABLE_DEBUG_INFO = NO;
				MTL_FAST_MATH = YES;
				SDKROOT = iphoneos;
				SWIFT_COMPILATION_MODE = wholemodule;
				SWIFT_OPTIMIZATION_LEVEL = "-O";
				VALIDATE_PRODUCT = YES;
			};
			name = Release;
		};
		061DA4222490001A00629FFE /* Debug */ = {
			isa = XCBuildConfiguration;
			buildSettings = {
				ASSETCATALOG_COMPILER_APPICON_NAME = AppIcon;
				CODE_SIGN_STYLE = Automatic;
				INFOPLIST_FILE = "Final Project/Info.plist";
				LD_RUNPATH_SEARCH_PATHS = (
					"$(inherited)",
					"@executable_path/Frameworks",
				);
				PRODUCT_BUNDLE_IDENTIFIER = "Katie.Final-Project";
				PRODUCT_NAME = "$(TARGET_NAME)";
				SWIFT_VERSION = 5.0;
				TARGETED_DEVICE_FAMILY = "1,2";
			};
			name = Debug;
		};
		061DA4232490001A00629FFE /* Release */ = {
			isa = XCBuildConfiguration;
			buildSettings = {
				ASSETCATALOG_COMPILER_APPICON_NAME = AppIcon;
				CODE_SIGN_STYLE = Automatic;
				INFOPLIST_FILE = "Final Project/Info.plist";
				LD_RUNPATH_SEARCH_PATHS = (
					"$(inherited)",
					"@executable_path/Frameworks",
				);
				PRODUCT_BUNDLE_IDENTIFIER = "Katie.Final-Project";
				PRODUCT_NAME = "$(TARGET_NAME)";
				SWIFT_VERSION = 5.0;
				TARGETED_DEVICE_FAMILY = "1,2";
			};
			name = Release;
		};
		061DA4252490001A00629FFE /* Debug */ = {
			isa = XCBuildConfiguration;
			buildSettings = {
				ALWAYS_EMBED_SWIFT_STANDARD_LIBRARIES = YES;
				BUNDLE_LOADER = "$(TEST_HOST)";
				CODE_SIGN_STYLE = Automatic;
				INFOPLIST_FILE = "Final ProjectTests/Info.plist";
				IPHONEOS_DEPLOYMENT_TARGET = 13.5;
				LD_RUNPATH_SEARCH_PATHS = (
					"$(inherited)",
					"@executable_path/Frameworks",
					"@loader_path/Frameworks",
				);
				PRODUCT_BUNDLE_IDENTIFIER = "Katie.Final-ProjectTests";
				PRODUCT_NAME = "$(TARGET_NAME)";
				SWIFT_VERSION = 5.0;
				TARGETED_DEVICE_FAMILY = "1,2";
				TEST_HOST = "$(BUILT_PRODUCTS_DIR)/Final Project.app/Final Project";
			};
			name = Debug;
		};
		061DA4262490001A00629FFE /* Release */ = {
			isa = XCBuildConfiguration;
			buildSettings = {
				ALWAYS_EMBED_SWIFT_STANDARD_LIBRARIES = YES;
				BUNDLE_LOADER = "$(TEST_HOST)";
				CODE_SIGN_STYLE = Automatic;
				INFOPLIST_FILE = "Final ProjectTests/Info.plist";
				IPHONEOS_DEPLOYMENT_TARGET = 13.5;
				LD_RUNPATH_SEARCH_PATHS = (
					"$(inherited)",
					"@executable_path/Frameworks",
					"@loader_path/Frameworks",
				);
				PRODUCT_BUNDLE_IDENTIFIER = "Katie.Final-ProjectTests";
				PRODUCT_NAME = "$(TARGET_NAME)";
				SWIFT_VERSION = 5.0;
				TARGETED_DEVICE_FAMILY = "1,2";
				TEST_HOST = "$(BUILT_PRODUCTS_DIR)/Final Project.app/Final Project";
			};
			name = Release;
		};
		061DA4282490001A00629FFE /* Debug */ = {
			isa = XCBuildConfiguration;
			buildSettings = {
				ALWAYS_EMBED_SWIFT_STANDARD_LIBRARIES = YES;
				CODE_SIGN_STYLE = Automatic;
				INFOPLIST_FILE = "Final ProjectUITests/Info.plist";
				LD_RUNPATH_SEARCH_PATHS = (
					"$(inherited)",
					"@executable_path/Frameworks",
					"@loader_path/Frameworks",
				);
				PRODUCT_BUNDLE_IDENTIFIER = "Katie.Final-ProjectUITests";
				PRODUCT_NAME = "$(TARGET_NAME)";
				SWIFT_VERSION = 5.0;
				TARGETED_DEVICE_FAMILY = "1,2";
				TEST_TARGET_NAME = "Final Project";
			};
			name = Debug;
		};
		061DA4292490001A00629FFE /* Release */ = {
			isa = XCBuildConfiguration;
			buildSettings = {
				ALWAYS_EMBED_SWIFT_STANDARD_LIBRARIES = YES;
				CODE_SIGN_STYLE = Automatic;
				INFOPLIST_FILE = "Final ProjectUITests/Info.plist";
				LD_RUNPATH_SEARCH_PATHS = (
					"$(inherited)",
					"@executable_path/Frameworks",
					"@loader_path/Frameworks",
				);
				PRODUCT_BUNDLE_IDENTIFIER = "Katie.Final-ProjectUITests";
				PRODUCT_NAME = "$(TARGET_NAME)";
				SWIFT_VERSION = 5.0;
				TARGETED_DEVICE_FAMILY = "1,2";
				TEST_TARGET_NAME = "Final Project";
			};
			name = Release;
		};
/* End XCBuildConfiguration section */

/* Begin XCConfigurationList section */
		061DA3EF2490001700629FFE /* Build configuration list for PBXProject "Final Project" */ = {
			isa = XCConfigurationList;
			buildConfigurations = (
				061DA41F2490001A00629FFE /* Debug */,
				061DA4202490001A00629FFE /* Release */,
			);
			defaultConfigurationIsVisible = 0;
			defaultConfigurationName = Release;
		};
		061DA4212490001A00629FFE /* Build configuration list for PBXNativeTarget "Final Project" */ = {
			isa = XCConfigurationList;
			buildConfigurations = (
				061DA4222490001A00629FFE /* Debug */,
				061DA4232490001A00629FFE /* Release */,
			);
			defaultConfigurationIsVisible = 0;
			defaultConfigurationName = Release;
		};
		061DA4242490001A00629FFE /* Build configuration list for PBXNativeTarget "Final ProjectTests" */ = {
			isa = XCConfigurationList;
			buildConfigurations = (
				061DA4252490001A00629FFE /* Debug */,
				061DA4262490001A00629FFE /* Release */,
			);
			defaultConfigurationIsVisible = 0;
			defaultConfigurationName = Release;
		};
		061DA4272490001A00629FFE /* Build configuration list for PBXNativeTarget "Final ProjectUITests" */ = {
			isa = XCConfigurationList;
			buildConfigurations = (
				061DA4282490001A00629FFE /* Debug */,
				061DA4292490001A00629FFE /* Release */,
			);
			defaultConfigurationIsVisible = 0;
			defaultConfigurationName = Release;
		};
/* End XCConfigurationList section */

/* Begin XCVersionGroup section */
		061DA4002490001700629FFE /* Final_Project.xcdatamodeld */ = {
			isa = XCVersionGroup;
			children = (
				061DA4012490001700629FFE /* Final_Project.xcdatamodel */,
			);
			currentVersion = 061DA4012490001700629FFE /* Final_Project.xcdatamodel */;
			path = Final_Project.xcdatamodeld;
			sourceTree = "<group>";
			versionGroupType = wrapper.xcdatamodel;
		};
/* End XCVersionGroup section */
	};
	rootObject = 061DA3EC2490001700629FFE /* Project object */;
}
